{
  "version": 1,
  "pipeline": {
    "nodes": [
      {
        "handle": {
          "ns": 1,
          "id": "trips"
        },
        "kind": "Sink"
      },
      {
        "handle": {
          "ns": null,
          "id": "local_storage"
        },
        "kind": {
          "Source": {
            "typ": "LocalStorage",
            "port_names": {
              "1000": "trips"
            }
          }
        }
      }
    ],
    "node_holes": [],
    "edge_property": "directed",
    "edges": [
      [
        1,
        0,
        {
          "from_port": 1000,
          "to_port": 65535,
          "schema": {
            "fields": [
              {
                "name": "VendorID",
                "typ": "Int",
                "nullable": true,
                "source": {
                  "Table": {
                    "connection": "local_storage",
                    "name": "trips"
                  }
                }
              },
              {
                "name": "tpep_pickup_datetime",
                "typ": "Timestamp",
                "nullable": true,
                "source": {
                  "Table": {
                    "connection": "local_storage",
                    "name": "trips"
                  }
                }
              },
              {
                "name": "tpep_dropoff_datetime",
                "typ": "Timestamp",
                "nullable": true,
                "source": {
                  "Table": {
                    "connection": "local_storage",
                    "name": "trips"
                  }
                }
              },
              {
                "name": "passenger_count",
                "typ": "Float",
                "nullable": true,
                "source": {
                  "Table": {
                    "connection": "local_storage",
                    "name": "trips"
                  }
                }
              },
              {
                "name": "trip_distance",
                "typ": "Float",
                "nullable": true,
                "source": {
                  "Table": {
                    "connection": "local_storage",
                    "name": "trips"
                  }
                }
              },
              {
                "name": "RatecodeID",
                "typ": "Float",
                "nullable": true,
                "source": {
                  "Table": {
                    "connection": "local_storage",
                    "name": "trips"
                  }
                }
              },
              {
                "name": "store_and_fwd_flag",
                "typ": "String",
                "nullable": true,
                "source": {
                  "Table": {
                    "connection": "local_storage",
                    "name": "trips"
                  }
                }
              },
              {
                "name": "PULocationID",
                "typ": "Int",
                "nullable": true,
                "source": {
                  "Table": {
                    "connection": "local_storage",
                    "name": "trips"
                  }
                }
              },
              {
                "name": "DOLocationID",
                "typ": "Int",
                "nullable": true,
                "source": {
                  "Table": {
                    "connection": "local_storage",
                    "name": "trips"
                  }
                }
              },
              {
                "name": "payment_type",
                "typ": "Int",
                "nullable": true,
                "source": {
                  "Table": {
                    "connection": "local_storage",
                    "name": "trips"
                  }
                }
              },
              {
                "name": "fare_amount",
                "typ": "Float",
                "nullable": true,
                "source": {
                  "Table": {
                    "connection": "local_storage",
                    "name": "trips"
                  }
                }
              },
              {
                "name": "extra",
                "typ": "Float",
                "nullable": true,
                "source": {
                  "Table": {
                    "connection": "local_storage",
                    "name": "trips"
                  }
                }
              },
              {
                "name": "mta_tax",
                "typ": "Float",
                "nullable": true,
                "source": {
                  "Table": {
                    "connection": "local_storage",
                    "name": "trips"
                  }
                }
              },
              {
                "name": "tip_amount",
                "typ": "Float",
                "nullable": true,
                "source": {
                  "Table": {
                    "connection": "local_storage",
                    "name": "trips"
                  }
                }
              },
              {
                "name": "tolls_amount",
                "typ": "Float",
                "nullable": true,
                "source": {
                  "Table": {
                    "connection": "local_storage",
                    "name": "trips"
                  }
                }
              },
              {
                "name": "improvement_surcharge",
                "typ": "Float",
                "nullable": true,
                "source": {
                  "Table": {
                    "connection": "local_storage",
                    "name": "trips"
                  }
                }
              },
              {
                "name": "total_amount",
                "typ": "Float",
                "nullable": true,
                "source": {
                  "Table": {
                    "connection": "local_storage",
                    "name": "trips"
                  }
                }
              },
              {
                "name": "congestion_surcharge",
                "typ": "Float",
                "nullable": true,
                "source": {
                  "Table": {
                    "connection": "local_storage",
                    "name": "trips"
                  }
                }
              },
              {
                "name": "airport_fee",
                "typ": "Float",
                "nullable": true,
                "source": {
                  "Table": {
                    "connection": "local_storage",
                    "name": "trips"
                  }
                }
              }
            ],
            "primary_index": []
          }
        }
      ]
    ]
  },
  "endpoints": {
    "trips": {
      "path": "/trips",
      "schema": {
        "fields": [
          {
            "name": "VendorID",
            "typ": "Int",
            "nullable": true,
            "source": {
              "Table": {
                "connection": "local_storage",
                "name": "trips"
              }
            }
          },
          {
            "name": "tpep_pickup_datetime",
            "typ": "Timestamp",
            "nullable": true,
            "source": {
              "Table": {
                "connection": "local_storage",
                "name": "trips"
              }
            }
          },
          {
            "name": "tpep_dropoff_datetime",
            "typ": "Timestamp",
            "nullable": true,
            "source": {
              "Table": {
                "connection": "local_storage",
                "name": "trips"
              }
            }
          },
          {
            "name": "passenger_count",
            "typ": "Float",
            "nullable": true,
            "source": {
              "Table": {
                "connection": "local_storage",
                "name": "trips"
              }
            }
          },
          {
            "name": "trip_distance",
            "typ": "Float",
            "nullable": true,
            "source": {
              "Table": {
                "connection": "local_storage",
                "name": "trips"
              }
            }
          },
          {
            "name": "RatecodeID",
            "typ": "Float",
            "nullable": true,
            "source": {
              "Table": {
                "connection": "local_storage",
                "name": "trips"
              }
            }
          },
          {
            "name": "store_and_fwd_flag",
            "typ": "String",
            "nullable": true,
            "source": {
              "Table": {
                "connection": "local_storage",
                "name": "trips"
              }
            }
          },
          {
            "name": "PULocationID",
            "typ": "Int",
            "nullable": true,
            "source": {
              "Table": {
                "connection": "local_storage",
                "name": "trips"
              }
            }
          },
          {
            "name": "DOLocationID",
            "typ": "Int",
            "nullable": true,
            "source": {
              "Table": {
                "connection": "local_storage",
                "name": "trips"
              }
            }
          },
          {
            "name": "payment_type",
            "typ": "Int",
            "nullable": true,
            "source": {
              "Table": {
                "connection": "local_storage",
                "name": "trips"
              }
            }
          },
          {
            "name": "fare_amount",
            "typ": "Float",
            "nullable": true,
            "source": {
              "Table": {
                "connection": "local_storage",
                "name": "trips"
              }
            }
          },
          {
            "name": "extra",
            "typ": "Float",
            "nullable": true,
            "source": {
              "Table": {
                "connection": "local_storage",
                "name": "trips"
              }
            }
          },
          {
            "name": "mta_tax",
            "typ": "Float",
            "nullable": true,
            "source": {
              "Table": {
                "connection": "local_storage",
                "name": "trips"
              }
            }
          },
          {
            "name": "tip_amount",
            "typ": "Float",
            "nullable": true,
            "source": {
              "Table": {
                "connection": "local_storage",
                "name": "trips"
              }
            }
          },
          {
            "name": "tolls_amount",
            "typ": "Float",
            "nullable": true,
            "source": {
              "Table": {
                "connection": "local_storage",
                "name": "trips"
              }
            }
          },
          {
            "name": "improvement_surcharge",
            "typ": "Float",
            "nullable": true,
            "source": {
              "Table": {
                "connection": "local_storage",
                "name": "trips"
              }
            }
          },
          {
            "name": "total_amount",
            "typ": "Float",
            "nullable": true,
            "source": {
              "Table": {
                "connection": "local_storage",
                "name": "trips"
              }
            }
          },
          {
            "name": "congestion_surcharge",
            "typ": "Float",
            "nullable": true,
            "source": {
              "Table": {
                "connection": "local_storage",
                "name": "trips"
              }
            }
          },
          {
            "name": "airport_fee",
            "typ": "Float",
            "nullable": true,
            "source": {
              "Table": {
                "connection": "local_storage",
                "name": "trips"
              }
            }
          }
        ],
        "primary_index": []
      },
      "secondary_indexes": [
        {
          "SortedInverted": [
            0
          ]
        },
        {
          "SortedInverted": [
            1
          ]
        },
        {
          "SortedInverted": [
            2
          ]
        },
        {
          "SortedInverted": [
            3
          ]
        },
        {
          "SortedInverted": [
            4
          ]
        },
        {
          "SortedInverted": [
            5
          ]
        },
        {
          "SortedInverted": [
            6
          ]
        },
        {
          "FullText": 6
        },
        {
          "SortedInverted": [
            7
          ]
        },
        {
          "SortedInverted": [
            8
          ]
        },
        {
          "SortedInverted": [
            9
          ]
        },
        {
          "SortedInverted": [
            10
          ]
        },
        {
          "SortedInverted": [
            11
          ]
        },
        {
          "SortedInverted": [
            12
          ]
        },
        {
          "SortedInverted": [
            13
          ]
        },
        {
          "SortedInverted": [
            14
          ]
        },
        {
          "SortedInverted": [
            15
          ]
        },
        {
          "SortedInverted": [
            16
          ]
        },
        {
          "SortedInverted": [
            17
          ]
        },
        {
          "SortedInverted": [
            18
          ]
        }
      ],
      "enable_token": false,
      "enable_on_event": true,
      "connections": [
        "local_storage"
      ]
    }
  }
}